
Microsoft Visual Studio Solution File, Format Version 12.00
# Visual Studio Version 17
VisualStudioVersion = 17.13.35825.156 d17.13
MinimumVisualStudioVersion = 10.0.40219.1
Project("{888888A0-9F3D-457C-B088-3A5042F75D52}") = "Backtracking", "Backtracking.pyproj", "{32829694-73DA-4ADF-9BA0-63543CB6EF9C}"
EndProject
Global
	GlobalSection(SolutionConfigurationPlatforms) = preSolution
		Debug|Any CPU = Debug|Any CPU
		Release|Any CPU = Release|Any CPU
	EndGlobalSection
	GlobalSection(ProjectConfigurationPlatforms) = postSolution
		{32829694-73DA-4ADF-9BA0-63543CB6EF9C}.Debug|Any CPU.ActiveCfg = Debug|Any CPU
		{32829694-73DA-4ADF-9BA0-63543CB6EF9C}.Release|Any CPU.ActiveCfg = Release|Any CPU
	EndGlobalSection
	GlobalSection(SolutionProperties) = preSolution
		HideSolutionNode = FALSE
	EndGlobalSection
	GlobalSection(ExtensibilityGlobals) = postSolution
		SolutionGuid = {8E58101C-158B-4B09-AC8D-16AA02014483}
	EndGlobalSection
EndGlobal
